// !$*UTF8*$!
{
	archiveVersion = 1;
	classes = {
	};
	objectVersion = 50;
	objects = {

/* Begin PBXBuildFile section */
		5F062FB62450A87F009B7EA5 /* SectionsController.swift in Sources */ = {isa = PBXBuildFile; fileRef = 5F062FB52450A87F009B7EA5 /* SectionsController.swift */; };
		5F062FB82450AA75009B7EA5 /* Section.swift in Sources */ = {isa = PBXBuildFile; fileRef = 5F062FB72450AA75009B7EA5 /* Section.swift */; };
		5F062FBA2450AABB009B7EA5 /* SectionObject.swift in Sources */ = {isa = PBXBuildFile; fileRef = 5F062FB92450AABB009B7EA5 /* SectionObject.swift */; };
		5F062FBC2450AFCF009B7EA5 /* SectionCell.swift in Sources */ = {isa = PBXBuildFile; fileRef = 5F062FBB2450AFCF009B7EA5 /* SectionCell.swift */; };
		5F27E9D7248EC0BD00007C3C /* ChooseDisasterController.swift in Sources */ = {isa = PBXBuildFile; fileRef = 5F27E9D6248EC0BD00007C3C /* ChooseDisasterController.swift */; };
		5F27E9D9248ED28800007C3C /* DisasterPageViewController.swift in Sources */ = {isa = PBXBuildFile; fileRef = 5F27E9D8248ED28800007C3C /* DisasterPageViewController.swift */; };
		5F27E9DB248ED45400007C3C /* Site.swift in Sources */ = {isa = PBXBuildFile; fileRef = 5F27E9DA248ED45400007C3C /* Site.swift */; };
		5F27E9DD248ED51300007C3C /* SiteObject.swift in Sources */ = {isa = PBXBuildFile; fileRef = 5F27E9DC248ED51300007C3C /* SiteObject.swift */; };
		5F3FB65324927848006F1A89 /* DisasterTabBarController.swift in Sources */ = {isa = PBXBuildFile; fileRef = 5F3FB65224927848006F1A89 /* DisasterTabBarController.swift */; };
		5F3FB655249292CF006F1A89 /* LoadingViewController.swift in Sources */ = {isa = PBXBuildFile; fileRef = 5F3FB654249292CF006F1A89 /* LoadingViewController.swift */; };
		5F6277C32457454E00499F40 /* LitCell.swift in Sources */ = {isa = PBXBuildFile; fileRef = 5F6277C22457454E00499F40 /* LitCell.swift */; };
		5F6277CA245751E100499F40 /* SectionController.swift in Sources */ = {isa = PBXBuildFile; fileRef = 5F6277C9245751E100499F40 /* SectionController.swift */; };
		5F6277CC24576B1B00499F40 /* WebView.swift in Sources */ = {isa = PBXBuildFile; fileRef = 5F6277CB24576B1B00499F40 /* WebView.swift */; };
		5F6277CE2457741D00499F40 /* HeaderCell.swift in Sources */ = {isa = PBXBuildFile; fileRef = 5F6277CD2457741D00499F40 /* HeaderCell.swift */; };
		5F6277D224578F3B00499F40 /* html.html in Resources */ = {isa = PBXBuildFile; fileRef = 5F6277D124578F3B00499F40 /* html.html */; };
		5F8C8FF4244658A300241B7D /* Fonts.swift in Sources */ = {isa = PBXBuildFile; fileRef = 5F8C8FF3244658A300241B7D /* Fonts.swift */; };
		5F8C8FF72446713600241B7D /* ResourcesController.swift in Sources */ = {isa = PBXBuildFile; fileRef = 5F8C8FF62446713600241B7D /* ResourcesController.swift */; };
		5F8C8FF92446730300241B7D /* Category.swift in Sources */ = {isa = PBXBuildFile; fileRef = 5F8C8FF82446730300241B7D /* Category.swift */; };
		5F8C8FFD2446821400241B7D /* TitleObject.swift in Sources */ = {isa = PBXBuildFile; fileRef = 5F8C8FFC2446821400241B7D /* TitleObject.swift */; };
		5F8C90012446884300241B7D /* CategoryObject.swift in Sources */ = {isa = PBXBuildFile; fileRef = 5F8C90002446884300241B7D /* CategoryObject.swift */; };
		5F8C90032446894F00241B7D /* CategoryCell.swift in Sources */ = {isa = PBXBuildFile; fileRef = 5F8C90022446894F00241B7D /* CategoryCell.swift */; };
		5FC70634247C21A000AFC9C2 /* FABTabBarController.swift in Sources */ = {isa = PBXBuildFile; fileRef = 5FC70633247C21A000AFC9C2 /* FABTabBarController.swift */; };
		5FCDC6D524400DAA0065AC50 /* Montserrat-Black.ttf in Resources */ = {isa = PBXBuildFile; fileRef = 5FCDC6D324400D360065AC50 /* Montserrat-Black.ttf */; };
		5FCDC6D624400DAA0065AC50 /* Montserrat-BlackItalic.ttf in Resources */ = {isa = PBXBuildFile; fileRef = 5FCDC6D124400D360065AC50 /* Montserrat-BlackItalic.ttf */; };
		5FCDC6D724400DAA0065AC50 /* Montserrat-Bold.ttf in Resources */ = {isa = PBXBuildFile; fileRef = 5FCDC6C524400D340065AC50 /* Montserrat-Bold.ttf */; };
		5FCDC6D824400DAA0065AC50 /* Montserrat-BoldItalic.ttf in Resources */ = {isa = PBXBuildFile; fileRef = 5FCDC6CA24400D340065AC50 /* Montserrat-BoldItalic.ttf */; };
		5FCDC6D924400DAA0065AC50 /* Montserrat-ExtraBold.ttf in Resources */ = {isa = PBXBuildFile; fileRef = 5FCDC6C924400D340065AC50 /* Montserrat-ExtraBold.ttf */; };
		5FCDC6DA24400DAA0065AC50 /* Montserrat-ExtraBoldItalic.ttf in Resources */ = {isa = PBXBuildFile; fileRef = 5FCDC6D424400D360065AC50 /* Montserrat-ExtraBoldItalic.ttf */; };
		5FCDC6DB24400DAA0065AC50 /* Montserrat-ExtraLight.ttf in Resources */ = {isa = PBXBuildFile; fileRef = 5FCDC6CE24400D350065AC50 /* Montserrat-ExtraLight.ttf */; };
		5FCDC6DC24400DAA0065AC50 /* Montserrat-ExtraLightItalic.ttf in Resources */ = {isa = PBXBuildFile; fileRef = 5FCDC6D224400D360065AC50 /* Montserrat-ExtraLightItalic.ttf */; };
		5FCDC6DD24400DAA0065AC50 /* Montserrat-Italic.ttf in Resources */ = {isa = PBXBuildFile; fileRef = 5FCDC6CF24400D350065AC50 /* Montserrat-Italic.ttf */; };
		5FCDC6DE24400DAA0065AC50 /* Montserrat-Light.ttf in Resources */ = {isa = PBXBuildFile; fileRef = 5FCDC6C324400D330065AC50 /* Montserrat-Light.ttf */; };
		5FCDC6DF24400DAA0065AC50 /* Montserrat-LightItalic.ttf in Resources */ = {isa = PBXBuildFile; fileRef = 5FCDC6C724400D340065AC50 /* Montserrat-LightItalic.ttf */; };
		5FCDC6E024400DAA0065AC50 /* Montserrat-Medium.ttf in Resources */ = {isa = PBXBuildFile; fileRef = 5FCDC6CD24400D350065AC50 /* Montserrat-Medium.ttf */; };
		5FCDC6E124400DAA0065AC50 /* Montserrat-MediumItalic.ttf in Resources */ = {isa = PBXBuildFile; fileRef = 5FCDC6C424400D330065AC50 /* Montserrat-MediumItalic.ttf */; };
		5FCDC6E224400DAA0065AC50 /* Montserrat-Regular.ttf in Resources */ = {isa = PBXBuildFile; fileRef = 5FCDC6C824400D340065AC50 /* Montserrat-Regular.ttf */; };
		5FCDC6E324400DAA0065AC50 /* Montserrat-SemiBold.ttf in Resources */ = {isa = PBXBuildFile; fileRef = 5FCDC6CB24400D350065AC50 /* Montserrat-SemiBold.ttf */; };
		5FCDC6E424400DAA0065AC50 /* Montserrat-SemiBoldItalic.ttf in Resources */ = {isa = PBXBuildFile; fileRef = 5FCDC6C624400D340065AC50 /* Montserrat-SemiBoldItalic.ttf */; };
		5FCDC6E524400DAA0065AC50 /* Montserrat-Thin.ttf in Resources */ = {isa = PBXBuildFile; fileRef = 5FCDC6CC24400D350065AC50 /* Montserrat-Thin.ttf */; };
		5FCDC6E624400DAA0065AC50 /* Montserrat-ThinItalic.ttf in Resources */ = {isa = PBXBuildFile; fileRef = 5FCDC6D024400D350065AC50 /* Montserrat-ThinItalic.ttf */; };
		5FCDC6ED2440ECB10065AC50 /* TitleCell.swift in Sources */ = {isa = PBXBuildFile; fileRef = 5FCDC6EC2440ECB10065AC50 /* TitleCell.swift */; };
		5FDBDF29247ED4BF001F9130 /* TableOfContentsController.swift in Sources */ = {isa = PBXBuildFile; fileRef = 5FDBDF28247ED4BF001F9130 /* TableOfContentsController.swift */; };
		5FDBDF2D247EE45A001F9130 /* SectionCellSmall.swift in Sources */ = {isa = PBXBuildFile; fileRef = 5FDBDF2C247EE45A001F9130 /* SectionCellSmall.swift */; };
		A42CED68243FEB37006553D2 /* HTTPMethod.swift in Sources */ = {isa = PBXBuildFile; fileRef = A42CED67243FEB37006553D2 /* HTTPMethod.swift */; };
		A42CED6B243FEDC2006553D2 /* Kingfisher.framework in Frameworks */ = {isa = PBXBuildFile; fileRef = A4A54F5E243FE9D20053A1BF /* Kingfisher.framework */; };
		A42CED6C243FEDC2006553D2 /* Kingfisher.framework in Embed Frameworks */ = {isa = PBXBuildFile; fileRef = A4A54F5E243FE9D20053A1BF /* Kingfisher.framework */; settings = {ATTRIBUTES = (CodeSignOnCopy, RemoveHeadersOnCopy, ); }; };
		A42CED6E243FEDC3006553D2 /* PMKFoundation.framework in Frameworks */ = {isa = PBXBuildFile; fileRef = A42CED69243FED13006553D2 /* PMKFoundation.framework */; };
		A42CED6F243FEDC3006553D2 /* PMKFoundation.framework in Embed Frameworks */ = {isa = PBXBuildFile; fileRef = A42CED69243FED13006553D2 /* PMKFoundation.framework */; settings = {ATTRIBUTES = (CodeSignOnCopy, RemoveHeadersOnCopy, ); }; };
		A42CED70243FEDC5006553D2 /* PromiseKit.framework in Frameworks */ = {isa = PBXBuildFile; fileRef = A4A54F51243FE5FD0053A1BF /* PromiseKit.framework */; };
		A42CED71243FEDC5006553D2 /* PromiseKit.framework in Embed Frameworks */ = {isa = PBXBuildFile; fileRef = A4A54F51243FE5FD0053A1BF /* PromiseKit.framework */; settings = {ATTRIBUTES = (CodeSignOnCopy, RemoveHeadersOnCopy, ); }; };
		A42CED72243FEDC6006553D2 /* SnapKit.framework in Frameworks */ = {isa = PBXBuildFile; fileRef = A4A54F53243FE6030053A1BF /* SnapKit.framework */; };
		A42CED73243FEDC6006553D2 /* SnapKit.framework in Embed Frameworks */ = {isa = PBXBuildFile; fileRef = A4A54F53243FE6030053A1BF /* SnapKit.framework */; settings = {ATTRIBUTES = (CodeSignOnCopy, RemoveHeadersOnCopy, ); }; };
		A4A54F15243FDEDA0053A1BF /* AppDelegate.swift in Sources */ = {isa = PBXBuildFile; fileRef = A4A54F14243FDEDA0053A1BF /* AppDelegate.swift */; };
		A4A54F1C243FDEDA0053A1BF /* Main.storyboard in Resources */ = {isa = PBXBuildFile; fileRef = A4A54F1A243FDEDA0053A1BF /* Main.storyboard */; };
		A4A54F1E243FDEDC0053A1BF /* Assets.xcassets in Resources */ = {isa = PBXBuildFile; fileRef = A4A54F1D243FDEDC0053A1BF /* Assets.xcassets */; };
		A4A54F21243FDEDC0053A1BF /* LaunchScreen.storyboard in Resources */ = {isa = PBXBuildFile; fileRef = A4A54F1F243FDEDC0053A1BF /* LaunchScreen.storyboard */; };
		A4A54F2D243FDF420053A1BF /* Session.swift in Sources */ = {isa = PBXBuildFile; fileRef = A4A54F2C243FDF420053A1BF /* Session.swift */; };
		A4A54F31243FDF700053A1BF /* CTabBarController.swift in Sources */ = {isa = PBXBuildFile; fileRef = A4A54F30243FDF700053A1BF /* CTabBarController.swift */; };
		A4A54F33243FDF850053A1BF /* UIKit.framework in Frameworks */ = {isa = PBXBuildFile; fileRef = A4A54F32243FDF850053A1BF /* UIKit.framework */; };
		A4A54F35243FDF8A0053A1BF /* Foundation.framework in Frameworks */ = {isa = PBXBuildFile; fileRef = A4A54F34243FDF8A0053A1BF /* Foundation.framework */; };
		A4A54F37243FE00C0053A1BF /* CViewController.swift in Sources */ = {isa = PBXBuildFile; fileRef = A4A54F36243FE00C0053A1BF /* CViewController.swift */; };
		A4A54F39243FE0530053A1BF /* CNavigationController.swift in Sources */ = {isa = PBXBuildFile; fileRef = A4A54F38243FE0530053A1BF /* CNavigationController.swift */; };
		A4A54F3C243FE0860053A1BF /* ArticleController.swift in Sources */ = {isa = PBXBuildFile; fileRef = A4A54F3B243FE0860053A1BF /* ArticleController.swift */; };
		A4A54F3E243FE0A20053A1BF /* CTableViewController.swift in Sources */ = {isa = PBXBuildFile; fileRef = A4A54F3D243FE0A20053A1BF /* CTableViewController.swift */; };
		A4A54F41243FE0D50053A1BF /* CTableView.swift in Sources */ = {isa = PBXBuildFile; fileRef = A4A54F40243FE0D50053A1BF /* CTableView.swift */; };
		A4A54F44243FE1580053A1BF /* CCellObjectDatasource.swift in Sources */ = {isa = PBXBuildFile; fileRef = A4A54F43243FE1580053A1BF /* CCellObjectDatasource.swift */; };
		A4A54F46243FE1720053A1BF /* CCellObject.swift in Sources */ = {isa = PBXBuildFile; fileRef = A4A54F45243FE1720053A1BF /* CCellObject.swift */; };
		A4A54F48243FE1EE0053A1BF /* CCell.swift in Sources */ = {isa = PBXBuildFile; fileRef = A4A54F47243FE1EE0053A1BF /* CCell.swift */; };
		A4A54F4C243FE2DC0053A1BF /* NewsCell.swift in Sources */ = {isa = PBXBuildFile; fileRef = A4A54F4B243FE2DC0053A1BF /* NewsCell.swift */; };
		A4A54F50243FE42B0053A1BF /* Link.swift in Sources */ = {isa = PBXBuildFile; fileRef = A4A54F4F243FE42B0053A1BF /* Link.swift */; };
		A4A54F56243FE69C0053A1BF /* Thing.swift in Sources */ = {isa = PBXBuildFile; fileRef = A4A54F55243FE69C0053A1BF /* Thing.swift */; };
		A4A54F59243FE74A0053A1BF /* SwiftyJSON.swift in Sources */ = {isa = PBXBuildFile; fileRef = A4A54F58243FE74A0053A1BF /* SwiftyJSON.swift */; };
		A4A54F5B243FE83C0053A1BF /* Endpoints.swift in Sources */ = {isa = PBXBuildFile; fileRef = A4A54F5A243FE83C0053A1BF /* Endpoints.swift */; };
		A4A54F5D243FE8A10053A1BF /* LinkObject.swift in Sources */ = {isa = PBXBuildFile; fileRef = A4A54F5C243FE8A10053A1BF /* LinkObject.swift */; };
		A4AAFFE6247363CE00F26664 /* SwiftNotice.swift in Sources */ = {isa = PBXBuildFile; fileRef = A4AAFFE4247363CE00F26664 /* SwiftNotice.swift */; };
		A4AAFFE7247363CE00F26664 /* Toast.swift in Sources */ = {isa = PBXBuildFile; fileRef = A4AAFFE5247363CE00F26664 /* Toast.swift */; };
		A4AAFFE9247363FF00F26664 /* Presenter.swift in Sources */ = {isa = PBXBuildFile; fileRef = A4AAFFE8247363FF00F26664 /* Presenter.swift */; };
		A4AAFFEB24736AC300F26664 /* SceneDelegate.swift in Sources */ = {isa = PBXBuildFile; fileRef = A4AAFFEA24736AC300F26664 /* SceneDelegate.swift */; };
		A4AAFFED24736DA100F26664 /* AboutController.swift in Sources */ = {isa = PBXBuildFile; fileRef = A4AAFFEC24736DA100F26664 /* AboutController.swift */; };
		A4AAFFEF24736F9D00F26664 /* TextCell.swift in Sources */ = {isa = PBXBuildFile; fileRef = A4AAFFEE24736F9D00F26664 /* TextCell.swift */; };
/* End PBXBuildFile section */

/* Begin PBXCopyFilesBuildPhase section */
		A42CED6D243FEDC2006553D2 /* Embed Frameworks */ = {
			isa = PBXCopyFilesBuildPhase;
			buildActionMask = 2147483647;
			dstPath = "";
			dstSubfolderSpec = 10;
			files = (
				A42CED71243FEDC5006553D2 /* PromiseKit.framework in Embed Frameworks */,
				A42CED6F243FEDC3006553D2 /* PMKFoundation.framework in Embed Frameworks */,
				A42CED6C243FEDC2006553D2 /* Kingfisher.framework in Embed Frameworks */,
				A42CED73243FEDC6006553D2 /* SnapKit.framework in Embed Frameworks */,
			);
			name = "Embed Frameworks";
			runOnlyForDeploymentPostprocessing = 0;
		};
/* End PBXCopyFilesBuildPhase section */

/* Begin PBXFileReference section */
		5F062FB52450A87F009B7EA5 /* SectionsController.swift */ = {isa = PBXFileReference; lastKnownFileType = sourcecode.swift; path = SectionsController.swift; sourceTree = "<group>"; };
		5F062FB72450AA75009B7EA5 /* Section.swift */ = {isa = PBXFileReference; lastKnownFileType = sourcecode.swift; path = Section.swift; sourceTree = "<group>"; };
		5F062FB92450AABB009B7EA5 /* SectionObject.swift */ = {isa = PBXFileReference; lastKnownFileType = sourcecode.swift; path = SectionObject.swift; sourceTree = "<group>"; };
		5F062FBB2450AFCF009B7EA5 /* SectionCell.swift */ = {isa = PBXFileReference; lastKnownFileType = sourcecode.swift; path = SectionCell.swift; sourceTree = "<group>"; };
		5F27E9D6248EC0BD00007C3C /* ChooseDisasterController.swift */ = {isa = PBXFileReference; lastKnownFileType = sourcecode.swift; path = ChooseDisasterController.swift; sourceTree = "<group>"; };
		5F27E9D8248ED28800007C3C /* DisasterPageViewController.swift */ = {isa = PBXFileReference; lastKnownFileType = sourcecode.swift; path = DisasterPageViewController.swift; sourceTree = "<group>"; };
		5F27E9DA248ED45400007C3C /* Site.swift */ = {isa = PBXFileReference; lastKnownFileType = sourcecode.swift; path = Site.swift; sourceTree = "<group>"; };
		5F27E9DC248ED51300007C3C /* SiteObject.swift */ = {isa = PBXFileReference; lastKnownFileType = sourcecode.swift; path = SiteObject.swift; sourceTree = "<group>"; };
		5F3FB65224927848006F1A89 /* DisasterTabBarController.swift */ = {isa = PBXFileReference; lastKnownFileType = sourcecode.swift; path = DisasterTabBarController.swift; sourceTree = "<group>"; };
		5F3FB654249292CF006F1A89 /* LoadingViewController.swift */ = {isa = PBXFileReference; lastKnownFileType = sourcecode.swift; path = LoadingViewController.swift; sourceTree = "<group>"; };
		5F6277C22457454E00499F40 /* LitCell.swift */ = {isa = PBXFileReference; lastKnownFileType = sourcecode.swift; path = LitCell.swift; sourceTree = "<group>"; };
		5F6277C9245751E100499F40 /* SectionController.swift */ = {isa = PBXFileReference; lastKnownFileType = sourcecode.swift; path = SectionController.swift; sourceTree = "<group>"; };
		5F6277CB24576B1B00499F40 /* WebView.swift */ = {isa = PBXFileReference; lastKnownFileType = sourcecode.swift; path = WebView.swift; sourceTree = "<group>"; };
		5F6277CD2457741D00499F40 /* HeaderCell.swift */ = {isa = PBXFileReference; lastKnownFileType = sourcecode.swift; path = HeaderCell.swift; sourceTree = "<group>"; };
		5F6277D124578F3B00499F40 /* html.html */ = {isa = PBXFileReference; fileEncoding = 4; lastKnownFileType = text.html; path = html.html; sourceTree = "<group>"; };
		5F8C8FF3244658A300241B7D /* Fonts.swift */ = {isa = PBXFileReference; lastKnownFileType = sourcecode.swift; name = Fonts.swift; path = "COVID-19 Disaster Consult/Components/Fonts/Fonts.swift"; sourceTree = SOURCE_ROOT; };
		5F8C8FF62446713600241B7D /* ResourcesController.swift */ = {isa = PBXFileReference; lastKnownFileType = sourcecode.swift; path = ResourcesController.swift; sourceTree = "<group>"; };
		5F8C8FF82446730300241B7D /* Category.swift */ = {isa = PBXFileReference; lastKnownFileType = sourcecode.swift; path = Category.swift; sourceTree = "<group>"; };
		5F8C8FFC2446821400241B7D /* TitleObject.swift */ = {isa = PBXFileReference; lastKnownFileType = sourcecode.swift; path = TitleObject.swift; sourceTree = "<group>"; };
		5F8C90002446884300241B7D /* CategoryObject.swift */ = {isa = PBXFileReference; lastKnownFileType = sourcecode.swift; path = CategoryObject.swift; sourceTree = "<group>"; };
		5F8C90022446894F00241B7D /* CategoryCell.swift */ = {isa = PBXFileReference; lastKnownFileType = sourcecode.swift; path = CategoryCell.swift; sourceTree = "<group>"; };
		5FC70633247C21A000AFC9C2 /* FABTabBarController.swift */ = {isa = PBXFileReference; lastKnownFileType = sourcecode.swift; path = FABTabBarController.swift; sourceTree = "<group>"; };
		5FCDC6C324400D330065AC50 /* Montserrat-Light.ttf */ = {isa = PBXFileReference; lastKnownFileType = file; path = "Montserrat-Light.ttf"; sourceTree = "<group>"; };
		5FCDC6C424400D330065AC50 /* Montserrat-MediumItalic.ttf */ = {isa = PBXFileReference; lastKnownFileType = file; path = "Montserrat-MediumItalic.ttf"; sourceTree = "<group>"; };
		5FCDC6C524400D340065AC50 /* Montserrat-Bold.ttf */ = {isa = PBXFileReference; lastKnownFileType = file; path = "Montserrat-Bold.ttf"; sourceTree = "<group>"; };
		5FCDC6C624400D340065AC50 /* Montserrat-SemiBoldItalic.ttf */ = {isa = PBXFileReference; lastKnownFileType = file; path = "Montserrat-SemiBoldItalic.ttf"; sourceTree = "<group>"; };
		5FCDC6C724400D340065AC50 /* Montserrat-LightItalic.ttf */ = {isa = PBXFileReference; lastKnownFileType = file; path = "Montserrat-LightItalic.ttf"; sourceTree = "<group>"; };
		5FCDC6C824400D340065AC50 /* Montserrat-Regular.ttf */ = {isa = PBXFileReference; lastKnownFileType = file; path = "Montserrat-Regular.ttf"; sourceTree = "<group>"; };
		5FCDC6C924400D340065AC50 /* Montserrat-ExtraBold.ttf */ = {isa = PBXFileReference; lastKnownFileType = file; path = "Montserrat-ExtraBold.ttf"; sourceTree = "<group>"; };
		5FCDC6CA24400D340065AC50 /* Montserrat-BoldItalic.ttf */ = {isa = PBXFileReference; lastKnownFileType = file; path = "Montserrat-BoldItalic.ttf"; sourceTree = "<group>"; };
		5FCDC6CB24400D350065AC50 /* Montserrat-SemiBold.ttf */ = {isa = PBXFileReference; lastKnownFileType = file; path = "Montserrat-SemiBold.ttf"; sourceTree = "<group>"; };
		5FCDC6CC24400D350065AC50 /* Montserrat-Thin.ttf */ = {isa = PBXFileReference; lastKnownFileType = file; path = "Montserrat-Thin.ttf"; sourceTree = "<group>"; };
		5FCDC6CD24400D350065AC50 /* Montserrat-Medium.ttf */ = {isa = PBXFileReference; lastKnownFileType = file; path = "Montserrat-Medium.ttf"; sourceTree = "<group>"; };
		5FCDC6CE24400D350065AC50 /* Montserrat-ExtraLight.ttf */ = {isa = PBXFileReference; lastKnownFileType = file; path = "Montserrat-ExtraLight.ttf"; sourceTree = "<group>"; };
		5FCDC6CF24400D350065AC50 /* Montserrat-Italic.ttf */ = {isa = PBXFileReference; lastKnownFileType = file; path = "Montserrat-Italic.ttf"; sourceTree = "<group>"; };
		5FCDC6D024400D350065AC50 /* Montserrat-ThinItalic.ttf */ = {isa = PBXFileReference; lastKnownFileType = file; path = "Montserrat-ThinItalic.ttf"; sourceTree = "<group>"; };
		5FCDC6D124400D360065AC50 /* Montserrat-BlackItalic.ttf */ = {isa = PBXFileReference; lastKnownFileType = file; path = "Montserrat-BlackItalic.ttf"; sourceTree = "<group>"; };
		5FCDC6D224400D360065AC50 /* Montserrat-ExtraLightItalic.ttf */ = {isa = PBXFileReference; lastKnownFileType = file; path = "Montserrat-ExtraLightItalic.ttf"; sourceTree = "<group>"; };
		5FCDC6D324400D360065AC50 /* Montserrat-Black.ttf */ = {isa = PBXFileReference; lastKnownFileType = file; path = "Montserrat-Black.ttf"; sourceTree = "<group>"; };
		5FCDC6D424400D360065AC50 /* Montserrat-ExtraBoldItalic.ttf */ = {isa = PBXFileReference; lastKnownFileType = file; path = "Montserrat-ExtraBoldItalic.ttf"; sourceTree = "<group>"; };
		5FCDC6EC2440ECB10065AC50 /* TitleCell.swift */ = {isa = PBXFileReference; lastKnownFileType = sourcecode.swift; path = TitleCell.swift; sourceTree = "<group>"; };
		5FDBDF28247ED4BF001F9130 /* TableOfContentsController.swift */ = {isa = PBXFileReference; lastKnownFileType = sourcecode.swift; path = TableOfContentsController.swift; sourceTree = "<group>"; };
		5FDBDF2C247EE45A001F9130 /* SectionCellSmall.swift */ = {isa = PBXFileReference; lastKnownFileType = sourcecode.swift; path = SectionCellSmall.swift; sourceTree = "<group>"; };
		A42CED67243FEB37006553D2 /* HTTPMethod.swift */ = {isa = PBXFileReference; lastKnownFileType = sourcecode.swift; path = HTTPMethod.swift; sourceTree = "<group>"; };
		A42CED69243FED13006553D2 /* PMKFoundation.framework */ = {isa = PBXFileReference; lastKnownFileType = wrapper.framework; name = PMKFoundation.framework; path = Carthage/Build/iOS/PMKFoundation.framework; sourceTree = SOURCE_ROOT; };
		A4A54F11243FDEDA0053A1BF /* Disaster Consult.app */ = {isa = PBXFileReference; explicitFileType = wrapper.application; includeInIndex = 0; path = "Disaster Consult.app"; sourceTree = BUILT_PRODUCTS_DIR; };
		A4A54F14243FDEDA0053A1BF /* AppDelegate.swift */ = {isa = PBXFileReference; lastKnownFileType = sourcecode.swift; path = AppDelegate.swift; sourceTree = "<group>"; };
		A4A54F1B243FDEDA0053A1BF /* Base */ = {isa = PBXFileReference; lastKnownFileType = file.storyboard; name = Base; path = Base.lproj/Main.storyboard; sourceTree = "<group>"; };
		A4A54F1D243FDEDC0053A1BF /* Assets.xcassets */ = {isa = PBXFileReference; lastKnownFileType = folder.assetcatalog; path = Assets.xcassets; sourceTree = "<group>"; };
		A4A54F20243FDEDC0053A1BF /* Base */ = {isa = PBXFileReference; lastKnownFileType = file.storyboard; name = Base; path = Base.lproj/LaunchScreen.storyboard; sourceTree = "<group>"; };
		A4A54F22243FDEDC0053A1BF /* Info.plist */ = {isa = PBXFileReference; lastKnownFileType = text.plist.xml; path = Info.plist; sourceTree = "<group>"; };
		A4A54F2C243FDF420053A1BF /* Session.swift */ = {isa = PBXFileReference; lastKnownFileType = sourcecode.swift; path = Session.swift; sourceTree = "<group>"; };
		A4A54F30243FDF700053A1BF /* CTabBarController.swift */ = {isa = PBXFileReference; lastKnownFileType = sourcecode.swift; path = CTabBarController.swift; sourceTree = "<group>"; };
		A4A54F32243FDF850053A1BF /* UIKit.framework */ = {isa = PBXFileReference; lastKnownFileType = wrapper.framework; name = UIKit.framework; path = System/Library/Frameworks/UIKit.framework; sourceTree = SDKROOT; };
		A4A54F34243FDF8A0053A1BF /* Foundation.framework */ = {isa = PBXFileReference; lastKnownFileType = wrapper.framework; name = Foundation.framework; path = System/Library/Frameworks/Foundation.framework; sourceTree = SDKROOT; };
		A4A54F36243FE00C0053A1BF /* CViewController.swift */ = {isa = PBXFileReference; lastKnownFileType = sourcecode.swift; path = CViewController.swift; sourceTree = "<group>"; };
		A4A54F38243FE0530053A1BF /* CNavigationController.swift */ = {isa = PBXFileReference; lastKnownFileType = sourcecode.swift; path = CNavigationController.swift; sourceTree = "<group>"; };
		A4A54F3B243FE0860053A1BF /* ArticleController.swift */ = {isa = PBXFileReference; lastKnownFileType = sourcecode.swift; path = ArticleController.swift; sourceTree = "<group>"; };
		A4A54F3D243FE0A20053A1BF /* CTableViewController.swift */ = {isa = PBXFileReference; lastKnownFileType = sourcecode.swift; path = CTableViewController.swift; sourceTree = "<group>"; };
		A4A54F40243FE0D50053A1BF /* CTableView.swift */ = {isa = PBXFileReference; lastKnownFileType = sourcecode.swift; path = CTableView.swift; sourceTree = "<group>"; };
		A4A54F43243FE1580053A1BF /* CCellObjectDatasource.swift */ = {isa = PBXFileReference; lastKnownFileType = sourcecode.swift; path = CCellObjectDatasource.swift; sourceTree = "<group>"; };
		A4A54F45243FE1720053A1BF /* CCellObject.swift */ = {isa = PBXFileReference; lastKnownFileType = sourcecode.swift; path = CCellObject.swift; sourceTree = "<group>"; };
		A4A54F47243FE1EE0053A1BF /* CCell.swift */ = {isa = PBXFileReference; lastKnownFileType = sourcecode.swift; path = CCell.swift; sourceTree = "<group>"; };
		A4A54F4B243FE2DC0053A1BF /* NewsCell.swift */ = {isa = PBXFileReference; lastKnownFileType = sourcecode.swift; path = NewsCell.swift; sourceTree = "<group>"; };
		A4A54F4F243FE42B0053A1BF /* Link.swift */ = {isa = PBXFileReference; lastKnownFileType = sourcecode.swift; path = Link.swift; sourceTree = "<group>"; };
		A4A54F51243FE5FD0053A1BF /* PromiseKit.framework */ = {isa = PBXFileReference; lastKnownFileType = wrapper.framework; name = PromiseKit.framework; path = Carthage/Build/iOS/PromiseKit.framework; sourceTree = SOURCE_ROOT; };
		A4A54F53243FE6030053A1BF /* SnapKit.framework */ = {isa = PBXFileReference; lastKnownFileType = wrapper.framework; name = SnapKit.framework; path = Carthage/Build/iOS/SnapKit.framework; sourceTree = SOURCE_ROOT; };
		A4A54F55243FE69C0053A1BF /* Thing.swift */ = {isa = PBXFileReference; lastKnownFileType = sourcecode.swift; path = Thing.swift; sourceTree = "<group>"; };
		A4A54F58243FE74A0053A1BF /* SwiftyJSON.swift */ = {isa = PBXFileReference; fileEncoding = 4; lastKnownFileType = sourcecode.swift; path = SwiftyJSON.swift; sourceTree = "<group>"; };
		A4A54F5A243FE83C0053A1BF /* Endpoints.swift */ = {isa = PBXFileReference; lastKnownFileType = sourcecode.swift; path = Endpoints.swift; sourceTree = "<group>"; };
		A4A54F5C243FE8A10053A1BF /* LinkObject.swift */ = {isa = PBXFileReference; lastKnownFileType = sourcecode.swift; path = LinkObject.swift; sourceTree = "<group>"; };
		A4A54F5E243FE9D20053A1BF /* Kingfisher.framework */ = {isa = PBXFileReference; lastKnownFileType = wrapper.framework; name = Kingfisher.framework; path = Carthage/Build/iOS/Kingfisher.framework; sourceTree = SOURCE_ROOT; };
		A4AAFFE4247363CE00F26664 /* SwiftNotice.swift */ = {isa = PBXFileReference; fileEncoding = 4; lastKnownFileType = sourcecode.swift; path = SwiftNotice.swift; sourceTree = "<group>"; };
		A4AAFFE5247363CE00F26664 /* Toast.swift */ = {isa = PBXFileReference; fileEncoding = 4; lastKnownFileType = sourcecode.swift; path = Toast.swift; sourceTree = "<group>"; };
		A4AAFFE8247363FF00F26664 /* Presenter.swift */ = {isa = PBXFileReference; lastKnownFileType = sourcecode.swift; path = Presenter.swift; sourceTree = "<group>"; };
		A4AAFFEA24736AC300F26664 /* SceneDelegate.swift */ = {isa = PBXFileReference; fileEncoding = 4; lastKnownFileType = sourcecode.swift; path = SceneDelegate.swift; sourceTree = "<group>"; };
		A4AAFFEC24736DA100F26664 /* AboutController.swift */ = {isa = PBXFileReference; lastKnownFileType = sourcecode.swift; path = AboutController.swift; sourceTree = "<group>"; };
		A4AAFFEE24736F9D00F26664 /* TextCell.swift */ = {isa = PBXFileReference; lastKnownFileType = sourcecode.swift; path = TextCell.swift; sourceTree = "<group>"; };
/* End PBXFileReference section */

/* Begin PBXFrameworksBuildPhase section */
		A4A54F0E243FDEDA0053A1BF /* Frameworks */ = {
			isa = PBXFrameworksBuildPhase;
			buildActionMask = 2147483647;
			files = (
				A4A54F33243FDF850053A1BF /* UIKit.framework in Frameworks */,
				A4A54F35243FDF8A0053A1BF /* Foundation.framework in Frameworks */,
				A42CED6B243FEDC2006553D2 /* Kingfisher.framework in Frameworks */,
				A42CED72243FEDC6006553D2 /* SnapKit.framework in Frameworks */,
				A42CED70243FEDC5006553D2 /* PromiseKit.framework in Frameworks */,
				A42CED6E243FEDC3006553D2 /* PMKFoundation.framework in Frameworks */,
			);
			runOnlyForDeploymentPostprocessing = 0;
		};
/* End PBXFrameworksBuildPhase section */

/* Begin PBXGroup section */
		5F8C8FFE244687E500241B7D /* Objects */ = {
			isa = PBXGroup;
			children = (
				5F8C90002446884300241B7D /* CategoryObject.swift */,
				5F062FB92450AABB009B7EA5 /* SectionObject.swift */,
				A4A54F5C243FE8A10053A1BF /* LinkObject.swift */,
				5F27E9DC248ED51300007C3C /* SiteObject.swift */,
				5F8C8FFC2446821400241B7D /* TitleObject.swift */,
			);
			path = Objects;
			sourceTree = "<group>";
		};
		5F8C8FFF244687EB00241B7D /* Cells */ = {
			isa = PBXGroup;
			children = (
				5F8C90022446894F00241B7D /* CategoryCell.swift */,
				5F062FBB2450AFCF009B7EA5 /* SectionCell.swift */,
				5FDBDF2C247EE45A001F9130 /* SectionCellSmall.swift */,
				A4A54F4B243FE2DC0053A1BF /* NewsCell.swift */,
				5F6277C22457454E00499F40 /* LitCell.swift */,
				5FCDC6EC2440ECB10065AC50 /* TitleCell.swift */,
				5F6277CD2457741D00499F40 /* HeaderCell.swift */,
				A4AAFFEE24736F9D00F26664 /* TextCell.swift */,
			);
			path = Cells;
			sourceTree = "<group>";
		};
		5FCDC6C224400CE70065AC50 /* Fonts */ = {
			isa = PBXGroup;
			children = (
				5F8C8FF3244658A300241B7D /* Fonts.swift */,
				5FCDC6D324400D360065AC50 /* Montserrat-Black.ttf */,
				5FCDC6D124400D360065AC50 /* Montserrat-BlackItalic.ttf */,
				5FCDC6C524400D340065AC50 /* Montserrat-Bold.ttf */,
				5FCDC6CA24400D340065AC50 /* Montserrat-BoldItalic.ttf */,
				5FCDC6C924400D340065AC50 /* Montserrat-ExtraBold.ttf */,
				5FCDC6D424400D360065AC50 /* Montserrat-ExtraBoldItalic.ttf */,
				5FCDC6CE24400D350065AC50 /* Montserrat-ExtraLight.ttf */,
				5FCDC6D224400D360065AC50 /* Montserrat-ExtraLightItalic.ttf */,
				5FCDC6CF24400D350065AC50 /* Montserrat-Italic.ttf */,
				5FCDC6C324400D330065AC50 /* Montserrat-Light.ttf */,
				5FCDC6C724400D340065AC50 /* Montserrat-LightItalic.ttf */,
				5FCDC6CD24400D350065AC50 /* Montserrat-Medium.ttf */,
				5FCDC6C424400D330065AC50 /* Montserrat-MediumItalic.ttf */,
				5FCDC6C824400D340065AC50 /* Montserrat-Regular.ttf */,
				5FCDC6CB24400D350065AC50 /* Montserrat-SemiBold.ttf */,
				5FCDC6C624400D340065AC50 /* Montserrat-SemiBoldItalic.ttf */,
				5FCDC6CC24400D350065AC50 /* Montserrat-Thin.ttf */,
				5FCDC6D024400D350065AC50 /* Montserrat-ThinItalic.ttf */,
			);
			path = Fonts;
			sourceTree = "<group>";
		};
		A4A54F08243FDED90053A1BF = {
			isa = PBXGroup;
			children = (
				A4A54F13243FDEDA0053A1BF /* COVID-19 Disaster Consult */,
				A4A54F12243FDEDA0053A1BF /* Products */,
				A4A54F2A243FDF250053A1BF /* Frameworks */,
			);
			sourceTree = "<group>";
		};
		A4A54F12243FDEDA0053A1BF /* Products */ = {
			isa = PBXGroup;
			children = (
				A4A54F11243FDEDA0053A1BF /* Disaster Consult.app */,
			);
			name = Products;
			sourceTree = "<group>";
		};
		A4A54F13243FDEDA0053A1BF /* COVID-19 Disaster Consult */ = {
			isa = PBXGroup;
			children = (
				A4AAFFEA24736AC300F26664 /* SceneDelegate.swift */,
				5F6277D124578F3B00499F40 /* html.html */,
				A4A54F14243FDEDA0053A1BF /* AppDelegate.swift */,
				5F3FB65224927848006F1A89 /* DisasterTabBarController.swift */,
				A4A54F22243FDEDC0053A1BF /* Info.plist */,
				A4A54F1D243FDEDC0053A1BF /* Assets.xcassets */,
				5F8C8FFE244687E500241B7D /* Objects */,
				5F8C8FFF244687EB00241B7D /* Cells */,
				A4A54F3A243FE07B0053A1BF /* Controllers */,
				A4A54F2E243FDF590053A1BF /* Components */,
				A4A54F2B243FDF360053A1BF /* Network */,
				A4A54F57243FE7320053A1BF /* Libraries */,
				A4A54F29243FDF000053A1BF /* Storyboards */,
			);
			path = "COVID-19 Disaster Consult";
			sourceTree = "<group>";
		};
		A4A54F29243FDF000053A1BF /* Storyboards */ = {
			isa = PBXGroup;
			children = (
				A4A54F1A243FDEDA0053A1BF /* Main.storyboard */,
				A4A54F1F243FDEDC0053A1BF /* LaunchScreen.storyboard */,
			);
			path = Storyboards;
			sourceTree = "<group>";
		};
		A4A54F2A243FDF250053A1BF /* Frameworks */ = {
			isa = PBXGroup;
			children = (
				A42CED69243FED13006553D2 /* PMKFoundation.framework */,
				A4A54F5E243FE9D20053A1BF /* Kingfisher.framework */,
				A4A54F53243FE6030053A1BF /* SnapKit.framework */,
				A4A54F51243FE5FD0053A1BF /* PromiseKit.framework */,
				A4A54F34243FDF8A0053A1BF /* Foundation.framework */,
				A4A54F32243FDF850053A1BF /* UIKit.framework */,
			);
			path = Frameworks;
			sourceTree = "<group>";
		};
		A4A54F2B243FDF360053A1BF /* Network */ = {
			isa = PBXGroup;
			children = (
				A4A54F2C243FDF420053A1BF /* Session.swift */,
			);
			path = Network;
			sourceTree = "<group>";
		};
		A4A54F2E243FDF590053A1BF /* Components */ = {
			isa = PBXGroup;
			children = (
				5FCDC6C224400CE70065AC50 /* Fonts */,
				A4A54F42243FE14B0053A1BF /* Objects */,
				A4A54F2F243FDF630053A1BF /* Containers */,
				A4A54F3F243FE0C50053A1BF /* Views */,
			);
			path = Components;
			sourceTree = "<group>";
		};
		A4A54F2F243FDF630053A1BF /* Containers */ = {
			isa = PBXGroup;
			children = (
				A4A54F30243FDF700053A1BF /* CTabBarController.swift */,
				A4A54F36243FE00C0053A1BF /* CViewController.swift */,
				A4A54F38243FE0530053A1BF /* CNavigationController.swift */,
				A4A54F3D243FE0A20053A1BF /* CTableViewController.swift */,
			);
			path = Containers;
			sourceTree = "<group>";
		};
		A4A54F3A243FE07B0053A1BF /* Controllers */ = {
			isa = PBXGroup;
			children = (
				5FC70633247C21A000AFC9C2 /* FABTabBarController.swift */,
				A4A54F3B243FE0860053A1BF /* ArticleController.swift */,
				5F8C8FF62446713600241B7D /* ResourcesController.swift */,
				5F27E9D6248EC0BD00007C3C /* ChooseDisasterController.swift */,
				5F062FB52450A87F009B7EA5 /* SectionsController.swift */,
				5F6277C9245751E100499F40 /* SectionController.swift */,
				5F6277CB24576B1B00499F40 /* WebView.swift */,
				A4AAFFEC24736DA100F26664 /* AboutController.swift */,
				5FDBDF28247ED4BF001F9130 /* TableOfContentsController.swift */,
				5F27E9D8248ED28800007C3C /* DisasterPageViewController.swift */,
				5F3FB654249292CF006F1A89 /* LoadingViewController.swift */,
			);
			path = Controllers;
			sourceTree = "<group>";
		};
		A4A54F3F243FE0C50053A1BF /* Views */ = {
			isa = PBXGroup;
			children = (
				A4A54F40243FE0D50053A1BF /* CTableView.swift */,
				A4A54F47243FE1EE0053A1BF /* CCell.swift */,
			);
			path = Views;
			sourceTree = "<group>";
		};
		A4A54F42243FE14B0053A1BF /* Objects */ = {
			isa = PBXGroup;
			children = (
				A4A54F4D243FE4120053A1BF /* Model */,
				A4A54F45243FE1720053A1BF /* CCellObject.swift */,
				A4A54F43243FE1580053A1BF /* CCellObjectDatasource.swift */,
				A4A54F5A243FE83C0053A1BF /* Endpoints.swift */,
				A42CED67243FEB37006553D2 /* HTTPMethod.swift */,
			);
			path = Objects;
			sourceTree = "<group>";
		};
		A4A54F4D243FE4120053A1BF /* Model */ = {
			isa = PBXGroup;
			children = (
				A4A54F55243FE69C0053A1BF /* Thing.swift */,
				A4A54F4F243FE42B0053A1BF /* Link.swift */,
				5F8C8FF82446730300241B7D /* Category.swift */,
				5F062FB72450AA75009B7EA5 /* Section.swift */,
				5F27E9DA248ED45400007C3C /* Site.swift */,
			);
			path = Model;
			sourceTree = "<group>";
		};
		A4A54F57243FE7320053A1BF /* Libraries */ = {
			isa = PBXGroup;
			children = (
				A4AAFFE32473639B00F26664 /* Toast */,
				A4A54F58243FE74A0053A1BF /* SwiftyJSON.swift */,
				A4AAFFE8247363FF00F26664 /* Presenter.swift */,
			);
			path = Libraries;
			sourceTree = "<group>";
		};
		A4AAFFE32473639B00F26664 /* Toast */ = {
			isa = PBXGroup;
			children = (
				A4AAFFE4247363CE00F26664 /* SwiftNotice.swift */,
				A4AAFFE5247363CE00F26664 /* Toast.swift */,
			);
			path = Toast;
			sourceTree = "<group>";
		};
/* End PBXGroup section */

/* Begin PBXNativeTarget section */
		A4A54F10243FDEDA0053A1BF /* COVID-19 Disaster Consult */ = {
			isa = PBXNativeTarget;
			buildConfigurationList = A4A54F25243FDEDC0053A1BF /* Build configuration list for PBXNativeTarget "COVID-19 Disaster Consult" */;
			buildPhases = (
				A4A54F0D243FDEDA0053A1BF /* Sources */,
				A4A54F0E243FDEDA0053A1BF /* Frameworks */,
				A4A54F0F243FDEDA0053A1BF /* Resources */,
				A42CED6D243FEDC2006553D2 /* Embed Frameworks */,
			);
			buildRules = (
			);
			dependencies = (
			);
			name = "COVID-19 Disaster Consult";
			productName = "COVID-19 Disaster Consult";
			productReference = A4A54F11243FDEDA0053A1BF /* Disaster Consult.app */;
			productType = "com.apple.product-type.application";
		};
/* End PBXNativeTarget section */

/* Begin PBXProject section */
		A4A54F09243FDEDA0053A1BF /* Project object */ = {
			isa = PBXProject;
			attributes = {
				LastSwiftUpdateCheck = 1130;
				LastUpgradeCheck = 1130;
				ORGANIZATIONNAME = "Disaster Consult";
				TargetAttributes = {
					A4A54F10243FDEDA0053A1BF = {
						CreatedOnToolsVersion = 11.3;
					};
				};
			};
			buildConfigurationList = A4A54F0C243FDEDA0053A1BF /* Build configuration list for PBXProject "COVID-19 Disaster Consult" */;
			compatibilityVersion = "Xcode 9.3";
			developmentRegion = en;
			hasScannedForEncodings = 0;
			knownRegions = (
				en,
				Base,
			);
			mainGroup = A4A54F08243FDED90053A1BF;
			productRefGroup = A4A54F12243FDEDA0053A1BF /* Products */;
			projectDirPath = "";
			projectRoot = "";
			targets = (
				A4A54F10243FDEDA0053A1BF /* COVID-19 Disaster Consult */,
			);
		};
/* End PBXProject section */

/* Begin PBXResourcesBuildPhase section */
		A4A54F0F243FDEDA0053A1BF /* Resources */ = {
			isa = PBXResourcesBuildPhase;
			buildActionMask = 2147483647;
			files = (
				5FCDC6E424400DAA0065AC50 /* Montserrat-SemiBoldItalic.ttf in Resources */,
				5FCDC6DA24400DAA0065AC50 /* Montserrat-ExtraBoldItalic.ttf in Resources */,
				5FCDC6E024400DAA0065AC50 /* Montserrat-Medium.ttf in Resources */,
				5FCDC6E224400DAA0065AC50 /* Montserrat-Regular.ttf in Resources */,
				A4A54F21243FDEDC0053A1BF /* LaunchScreen.storyboard in Resources */,
				5FCDC6DC24400DAA0065AC50 /* Montserrat-ExtraLightItalic.ttf in Resources */,
				5FCDC6DD24400DAA0065AC50 /* Montserrat-Italic.ttf in Resources */,
				5FCDC6E324400DAA0065AC50 /* Montserrat-SemiBold.ttf in Resources */,
				5FCDC6E624400DAA0065AC50 /* Montserrat-ThinItalic.ttf in Resources */,
				5FCDC6D824400DAA0065AC50 /* Montserrat-BoldItalic.ttf in Resources */,
				5FCDC6D524400DAA0065AC50 /* Montserrat-Black.ttf in Resources */,
				5FCDC6E524400DAA0065AC50 /* Montserrat-Thin.ttf in Resources */,
				5FCDC6D724400DAA0065AC50 /* Montserrat-Bold.ttf in Resources */,
				5F6277D224578F3B00499F40 /* html.html in Resources */,
				A4A54F1E243FDEDC0053A1BF /* Assets.xcassets in Resources */,
				5FCDC6DF24400DAA0065AC50 /* Montserrat-LightItalic.ttf in Resources */,
				5FCDC6E124400DAA0065AC50 /* Montserrat-MediumItalic.ttf in Resources */,
				5FCDC6D924400DAA0065AC50 /* Montserrat-ExtraBold.ttf in Resources */,
				5FCDC6D624400DAA0065AC50 /* Montserrat-BlackItalic.ttf in Resources */,
				A4A54F1C243FDEDA0053A1BF /* Main.storyboard in Resources */,
				5FCDC6DB24400DAA0065AC50 /* Montserrat-ExtraLight.ttf in Resources */,
				5FCDC6DE24400DAA0065AC50 /* Montserrat-Light.ttf in Resources */,
			);
			runOnlyForDeploymentPostprocessing = 0;
		};
/* End PBXResourcesBuildPhase section */

/* Begin PBXSourcesBuildPhase section */
		A4A54F0D243FDEDA0053A1BF /* Sources */ = {
			isa = PBXSourcesBuildPhase;
			buildActionMask = 2147483647;
			files = (
				A4A54F56243FE69C0053A1BF /* Thing.swift in Sources */,
				A4A54F31243FDF700053A1BF /* CTabBarController.swift in Sources */,
				5F8C8FF4244658A300241B7D /* Fonts.swift in Sources */,
				5F062FBC2450AFCF009B7EA5 /* SectionCell.swift in Sources */,
				5F27E9D9248ED28800007C3C /* DisasterPageViewController.swift in Sources */,
				A4A54F37243FE00C0053A1BF /* CViewController.swift in Sources */,
				A4A54F5D243FE8A10053A1BF /* LinkObject.swift in Sources */,
				5F27E9DD248ED51300007C3C /* SiteObject.swift in Sources */,
				5F6277CE2457741D00499F40 /* HeaderCell.swift in Sources */,
				A4AAFFEF24736F9D00F26664 /* TextCell.swift in Sources */,
				5F8C8FFD2446821400241B7D /* TitleObject.swift in Sources */,
				5F8C8FF72446713600241B7D /* ResourcesController.swift in Sources */,
				A4A54F44243FE1580053A1BF /* CCellObjectDatasource.swift in Sources */,
				A4A54F2D243FDF420053A1BF /* Session.swift in Sources */,
				5F6277CC24576B1B00499F40 /* WebView.swift in Sources */,
				5F3FB65324927848006F1A89 /* DisasterTabBarController.swift in Sources */,
				5FC70634247C21A000AFC9C2 /* FABTabBarController.swift in Sources */,
				A4A54F3E243FE0A20053A1BF /* CTableViewController.swift in Sources */,
				A42CED68243FEB37006553D2 /* HTTPMethod.swift in Sources */,
				A4A54F4C243FE2DC0053A1BF /* NewsCell.swift in Sources */,
				A4A54F3C243FE0860053A1BF /* ArticleController.swift in Sources */,
				5F8C90032446894F00241B7D /* CategoryCell.swift in Sources */,
				A4AAFFED24736DA100F26664 /* AboutController.swift in Sources */,
				5FDBDF2D247EE45A001F9130 /* SectionCellSmall.swift in Sources */,
				5F6277CA245751E100499F40 /* SectionController.swift in Sources */,
				5F062FB62450A87F009B7EA5 /* SectionsController.swift in Sources */,
				5F062FBA2450AABB009B7EA5 /* SectionObject.swift in Sources */,
				A4A54F39243FE0530053A1BF /* CNavigationController.swift in Sources */,
				5F8C90012446884300241B7D /* CategoryObject.swift in Sources */,
				5F062FB82450AA75009B7EA5 /* Section.swift in Sources */,
				5FDBDF29247ED4BF001F9130 /* TableOfContentsController.swift in Sources */,
				A4A54F50243FE42B0053A1BF /* Link.swift in Sources */,
				A4AAFFEB24736AC300F26664 /* SceneDelegate.swift in Sources */,
				5F27E9DB248ED45400007C3C /* Site.swift in Sources */,
				5F8C8FF92446730300241B7D /* Category.swift in Sources */,
				5F3FB655249292CF006F1A89 /* LoadingViewController.swift in Sources */,
				A4AAFFE7247363CE00F26664 /* Toast.swift in Sources */,
				5F6277C32457454E00499F40 /* LitCell.swift in Sources */,
				5FCDC6ED2440ECB10065AC50 /* TitleCell.swift in Sources */,
				A4A54F48243FE1EE0053A1BF /* CCell.swift in Sources */,
				A4A54F41243FE0D50053A1BF /* CTableView.swift in Sources */,
				A4A54F15243FDEDA0053A1BF /* AppDelegate.swift in Sources */,
				A4A54F59243FE74A0053A1BF /* SwiftyJSON.swift in Sources */,
				5F27E9D7248EC0BD00007C3C /* ChooseDisasterController.swift in Sources */,
				A4A54F46243FE1720053A1BF /* CCellObject.swift in Sources */,
				A4A54F5B243FE83C0053A1BF /* Endpoints.swift in Sources */,
				A4AAFFE6247363CE00F26664 /* SwiftNotice.swift in Sources */,
				A4AAFFE9247363FF00F26664 /* Presenter.swift in Sources */,
			);
			runOnlyForDeploymentPostprocessing = 0;
		};
/* End PBXSourcesBuildPhase section */

/* Begin PBXVariantGroup section */
		A4A54F1A243FDEDA0053A1BF /* Main.storyboard */ = {
			isa = PBXVariantGroup;
			children = (
				A4A54F1B243FDEDA0053A1BF /* Base */,
			);
			name = Main.storyboard;
			sourceTree = "<group>";
		};
		A4A54F1F243FDEDC0053A1BF /* LaunchScreen.storyboard */ = {
			isa = PBXVariantGroup;
			children = (
				A4A54F20243FDEDC0053A1BF /* Base */,
			);
			name = LaunchScreen.storyboard;
			sourceTree = "<group>";
		};
/* End PBXVariantGroup section */

/* Begin XCBuildConfiguration section */
		A4A54F23243FDEDC0053A1BF /* Debug */ = {
			isa = XCBuildConfiguration;
			buildSettings = {
				ALWAYS_SEARCH_USER_PATHS = NO;
				CLANG_ANALYZER_NONNULL = YES;
				CLANG_ANALYZER_NUMBER_OBJECT_CONVERSION = YES_AGGRESSIVE;
				CLANG_CXX_LANGUAGE_STANDARD = "gnu++14";
				CLANG_CXX_LIBRARY = "libc++";
				CLANG_ENABLE_MODULES = YES;
				CLANG_ENABLE_OBJC_ARC = YES;
				CLANG_ENABLE_OBJC_WEAK = YES;
				CLANG_WARN_BLOCK_CAPTURE_AUTORELEASING = YES;
				CLANG_WARN_BOOL_CONVERSION = YES;
				CLANG_WARN_COMMA = YES;
				CLANG_WARN_CONSTANT_CONVERSION = YES;
				CLANG_WARN_DEPRECATED_OBJC_IMPLEMENTATIONS = YES;
				CLANG_WARN_DIRECT_OBJC_ISA_USAGE = YES_ERROR;
				CLANG_WARN_DOCUMENTATION_COMMENTS = YES;
				CLANG_WARN_EMPTY_BODY = YES;
				CLANG_WARN_ENUM_CONVERSION = YES;
				CLANG_WARN_INFINITE_RECURSION = YES;
				CLANG_WARN_INT_CONVERSION = YES;
				CLANG_WARN_NON_LITERAL_NULL_CONVERSION = YES;
				CLANG_WARN_OBJC_IMPLICIT_RETAIN_SELF = YES;
				CLANG_WARN_OBJC_LITERAL_CONVERSION = YES;
				CLANG_WARN_OBJC_ROOT_CLASS = YES_ERROR;
				CLANG_WARN_RANGE_LOOP_ANALYSIS = YES;
				CLANG_WARN_STRICT_PROTOTYPES = YES;
				CLANG_WARN_SUSPICIOUS_MOVE = YES;
				CLANG_WARN_UNGUARDED_AVAILABILITY = YES_AGGRESSIVE;
				CLANG_WARN_UNREACHABLE_CODE = YES;
				CLANG_WARN__DUPLICATE_METHOD_MATCH = YES;
				COPY_PHASE_STRIP = NO;
				DEBUG_INFORMATION_FORMAT = dwarf;
				ENABLE_STRICT_OBJC_MSGSEND = YES;
				ENABLE_TESTABILITY = YES;
				GCC_C_LANGUAGE_STANDARD = gnu11;
				GCC_DYNAMIC_NO_PIC = NO;
				GCC_NO_COMMON_BLOCKS = YES;
				GCC_OPTIMIZATION_LEVEL = 0;
				GCC_PREPROCESSOR_DEFINITIONS = (
					"DEBUG=1",
					"$(inherited)",
				);
				GCC_WARN_64_TO_32_BIT_CONVERSION = YES;
				GCC_WARN_ABOUT_RETURN_TYPE = YES_ERROR;
				GCC_WARN_UNDECLARED_SELECTOR = YES;
				GCC_WARN_UNINITIALIZED_AUTOS = YES_AGGRESSIVE;
				GCC_WARN_UNUSED_FUNCTION = YES;
				GCC_WARN_UNUSED_VARIABLE = YES;
				IPHONEOS_DEPLOYMENT_TARGET = 13.0;
				MTL_ENABLE_DEBUG_INFO = INCLUDE_SOURCE;
				MTL_FAST_MATH = YES;
				ONLY_ACTIVE_ARCH = YES;
				SDKROOT = iphoneos;
				SWIFT_ACTIVE_COMPILATION_CONDITIONS = DEBUG;
				SWIFT_OPTIMIZATION_LEVEL = "-Onone";
			};
			name = Debug;
		};
		A4A54F24243FDEDC0053A1BF /* Release */ = {
			isa = XCBuildConfiguration;
			buildSettings = {
				ALWAYS_SEARCH_USER_PATHS = NO;
				CLANG_ANALYZER_NONNULL = YES;
				CLANG_ANALYZER_NUMBER_OBJECT_CONVERSION = YES_AGGRESSIVE;
				CLANG_CXX_LANGUAGE_STANDARD = "gnu++14";
				CLANG_CXX_LIBRARY = "libc++";
				CLANG_ENABLE_MODULES = YES;
				CLANG_ENABLE_OBJC_ARC = YES;
				CLANG_ENABLE_OBJC_WEAK = YES;
				CLANG_WARN_BLOCK_CAPTURE_AUTORELEASING = YES;
				CLANG_WARN_BOOL_CONVERSION = YES;
				CLANG_WARN_COMMA = YES;
				CLANG_WARN_CONSTANT_CONVERSION = YES;
				CLANG_WARN_DEPRECATED_OBJC_IMPLEMENTATIONS = YES;
				CLANG_WARN_DIRECT_OBJC_ISA_USAGE = YES_ERROR;
				CLANG_WARN_DOCUMENTATION_COMMENTS = YES;
				CLANG_WARN_EMPTY_BODY = YES;
				CLANG_WARN_ENUM_CONVERSION = YES;
				CLANG_WARN_INFINITE_RECURSION = YES;
				CLANG_WARN_INT_CONVERSION = YES;
				CLANG_WARN_NON_LITERAL_NULL_CONVERSION = YES;
				CLANG_WARN_OBJC_IMPLICIT_RETAIN_SELF = YES;
				CLANG_WARN_OBJC_LITERAL_CONVERSION = YES;
				CLANG_WARN_OBJC_ROOT_CLASS = YES_ERROR;
				CLANG_WARN_RANGE_LOOP_ANALYSIS = YES;
				CLANG_WARN_STRICT_PROTOTYPES = YES;
				CLANG_WARN_SUSPICIOUS_MOVE = YES;
				CLANG_WARN_UNGUARDED_AVAILABILITY = YES_AGGRESSIVE;
				CLANG_WARN_UNREACHABLE_CODE = YES;
				CLANG_WARN__DUPLICATE_METHOD_MATCH = YES;
				COPY_PHASE_STRIP = NO;
				DEBUG_INFORMATION_FORMAT = "dwarf-with-dsym";
				ENABLE_NS_ASSERTIONS = NO;
				ENABLE_STRICT_OBJC_MSGSEND = YES;
				GCC_C_LANGUAGE_STANDARD = gnu11;
				GCC_NO_COMMON_BLOCKS = YES;
				GCC_WARN_64_TO_32_BIT_CONVERSION = YES;
				GCC_WARN_ABOUT_RETURN_TYPE = YES_ERROR;
				GCC_WARN_UNDECLARED_SELECTOR = YES;
				GCC_WARN_UNINITIALIZED_AUTOS = YES_AGGRESSIVE;
				GCC_WARN_UNUSED_FUNCTION = YES;
				GCC_WARN_UNUSED_VARIABLE = YES;
				IPHONEOS_DEPLOYMENT_TARGET = 13.0;
				MTL_ENABLE_DEBUG_INFO = NO;
				MTL_FAST_MATH = YES;
				SDKROOT = iphoneos;
				SWIFT_COMPILATION_MODE = wholemodule;
				SWIFT_OPTIMIZATION_LEVEL = "-O";
				VALIDATE_PRODUCT = YES;
			};
			name = Release;
		};
		A4A54F26243FDEDC0053A1BF /* Debug */ = {
			isa = XCBuildConfiguration;
			buildSettings = {
				ASSETCATALOG_COMPILER_APPICON_NAME = AppIcon;
				CODE_SIGN_STYLE = Automatic;
				CURRENT_PROJECT_VERSION = 1000;
				DEVELOPMENT_TEAM = 7D6V9TFU6X;
				FRAMEWORK_SEARCH_PATHS = (
					"$(inherited)",
					"$(PROJECT_DIR)/Carthage/Build/iOS",
				);
				INFOPLIST_FILE = "COVID-19 Disaster Consult/Info.plist";
				IPHONEOS_DEPLOYMENT_TARGET = 11.0;
				LD_RUNPATH_SEARCH_PATHS = (
					"$(inherited)",
					"@executable_path/Frameworks",
				);
				MARKETING_VERSION = 1.1.0;
				PRODUCT_BUNDLE_IDENTIFIER = "com.DisasterConsult.Disaster-Consultryan";
				PRODUCT_NAME = "Disaster Consult";
				SWIFT_VERSION = 5.0;
				TARGETED_DEVICE_FAMILY = "1,2";
			};
			name = Debug;
		};
		A4A54F27243FDEDC0053A1BF /* Release */ = {
			isa = XCBuildConfiguration;
			buildSettings = {
				ASSETCATALOG_COMPILER_APPICON_NAME = AppIcon;
				CODE_SIGN_STYLE = Automatic;
				CURRENT_PROJECT_VERSION = 1000;
				DEVELOPMENT_TEAM = 7D6V9TFU6X;
				FRAMEWORK_SEARCH_PATHS = (
					"$(inherited)",
					"$(PROJECT_DIR)/Carthage/Build/iOS",
				);
				INFOPLIST_FILE = "COVID-19 Disaster Consult/Info.plist";
				IPHONEOS_DEPLOYMENT_TARGET = 11.0;
				LD_RUNPATH_SEARCH_PATHS = (
					"$(inherited)",
					"@executable_path/Frameworks",
				);
				MARKETING_VERSION = 1.1.0;
				PRODUCT_BUNDLE_IDENTIFIER = "com.DisasterConsult.Disaster-Consultryan";
				PRODUCT_NAME = "Disaster Consult";
				SWIFT_VERSION = 5.0;
				TARGETED_DEVICE_FAMILY = "1,2";
			};
			name = Release;
		};
/* End XCBuildConfiguration section */

/* Begin XCConfigurationList section */
		A4A54F0C243FDEDA0053A1BF /* Build configuration list for PBXProject "COVID-19 Disaster Consult" */ = {
			isa = XCConfigurationList;
			buildConfigurations = (
				A4A54F23243FDEDC0053A1BF /* Debug */,
				A4A54F24243FDEDC0053A1BF /* Release */,
			);
			defaultConfigurationIsVisible = 0;
			defaultConfigurationName = Release;
		};
		A4A54F25243FDEDC0053A1BF /* Build configuration list for PBXNativeTarget "COVID-19 Disaster Consult" */ = {
			isa = XCConfigurationList;
			buildConfigurations = (
				A4A54F26243FDEDC0053A1BF /* Debug */,
				A4A54F27243FDEDC0053A1BF /* Release */,
			);
			defaultConfigurationIsVisible = 0;
			defaultConfigurationName = Release;
		};
/* End XCConfigurationList section */
	};
	rootObject = A4A54F09243FDEDA0053A1BF /* Project object */;
}
